// !$*UTF8*$!
{
	archiveVersion = 1;
	classes = {
	};
	objectVersion = 46;
	objects = {

/* Begin PBXBuildFile section */
		85EE26BA1CB476C4000B341E /* AppDelegate.swift in Sources */ = {isa = PBXBuildFile; fileRef = 85EE26B91CB476C4000B341E /* AppDelegate.swift */; };
		85EE26BD1CB476C4000B341E /* MobileDemos.xcdatamodeld in Sources */ = {isa = PBXBuildFile; fileRef = 85EE26BB1CB476C4000B341E /* MobileDemos.xcdatamodeld */; };
		85EE26BF1CB476C4000B341E /* MasterViewController.swift in Sources */ = {isa = PBXBuildFile; fileRef = 85EE26BE1CB476C4000B341E /* MasterViewController.swift */; };
		85EE26C11CB476C4000B341E /* DetailViewController.swift in Sources */ = {isa = PBXBuildFile; fileRef = 85EE26C01CB476C4000B341E /* DetailViewController.swift */; };
		85EE26C41CB476C4000B341E /* Main.storyboard in Resources */ = {isa = PBXBuildFile; fileRef = 85EE26C21CB476C4000B341E /* Main.storyboard */; };
		85EE26C61CB476C4000B341E /* Assets.xcassets in Resources */ = {isa = PBXBuildFile; fileRef = 85EE26C51CB476C4000B341E /* Assets.xcassets */; };
		85EE26C91CB476C4000B341E /* LaunchScreen.storyboard in Resources */ = {isa = PBXBuildFile; fileRef = 85EE26C71CB476C4000B341E /* LaunchScreen.storyboard */; };
/* End PBXBuildFile section */

/* Begin PBXFileReference section */
		85EE26B61CB476C4000B341E /* MobileDemos.app */ = {isa = PBXFileReference; explicitFileType = wrapper.application; includeInIndex = 0; path = MobileDemos.app; sourceTree = BUILT_PRODUCTS_DIR; };
		85EE26B91CB476C4000B341E /* AppDelegate.swift */ = {isa = PBXFileReference; lastKnownFileType = sourcecode.swift; path = AppDelegate.swift; sourceTree = "<group>"; };
		85EE26BC1CB476C4000B341E /* MobileDemos.xcdatamodel */ = {isa = PBXFileReference; lastKnownFileType = wrapper.xcdatamodel; path = MobileDemos.xcdatamodel; sourceTree = "<group>"; };
		85EE26BE1CB476C4000B341E /* MasterViewController.swift */ = {isa = PBXFileReference; lastKnownFileType = sourcecode.swift; path = MasterViewController.swift; sourceTree = "<group>"; };
		85EE26C01CB476C4000B341E /* DetailViewController.swift */ = {isa = PBXFileReference; lastKnownFileType = sourcecode.swift; path = DetailViewController.swift; sourceTree = "<group>"; };
		85EE26C31CB476C4000B341E /* Base */ = {isa = PBXFileReference; lastKnownFileType = file.storyboard; name = Base; path = Base.lproj/Main.storyboard; sourceTree = "<group>"; };
		85EE26C51CB476C4000B341E /* Assets.xcassets */ = {isa = PBXFileReference; lastKnownFileType = folder.assetcatalog; path = Assets.xcassets; sourceTree = "<group>"; };
		85EE26C81CB476C4000B341E /* Base */ = {isa = PBXFileReference; lastKnownFileType = file.storyboard; name = Base; path = Base.lproj/LaunchScreen.storyboard; sourceTree = "<group>"; };
		85EE26CA1CB476C4000B341E /* Info.plist */ = {isa = PBXFileReference; lastKnownFileType = text.plist.xml; path = Info.plist; sourceTree = "<group>"; };
/* End PBXFileReference section */

/* Begin PBXFrameworksBuildPhase section */
		85EE26B31CB476C4000B341E /* Frameworks */ = {
			isa = PBXFrameworksBuildPhase;
			buildActionMask = 2147483647;
			files = (
			);
			runOnlyForDeploymentPostprocessing = 0;
		};
/* End PBXFrameworksBuildPhase section */

/* Begin PBXGroup section */
		85EE26AD1CB476C4000B341E = {
			isa = PBXGroup;
			children = (
				85EE26B81CB476C4000B341E /* MobileDemos */,
				85EE26B71CB476C4000B341E /* Products */,
			);
			sourceTree = "<group>";
		};
		85EE26B71CB476C4000B341E /* Products */ = {
			isa = PBXGroup;
			children = (
				85EE26B61CB476C4000B341E /* MobileDemos.app */,
			);
			name = Products;
			sourceTree = "<group>";
		};
		85EE26B81CB476C4000B341E /* MobileDemos */ = {
			isa = PBXGroup;
			children = (
				85EE26B91CB476C4000B341E /* AppDelegate.swift */,
				85EE26BE1CB476C4000B341E /* MasterViewController.swift */,
				85EE26C01CB476C4000B341E /* DetailViewController.swift */,
				85EE26C21CB476C4000B341E /* Main.storyboard */,
				85EE26C51CB476C4000B341E /* Assets.xcassets */,
				85EE26C71CB476C4000B341E /* LaunchScreen.storyboard */,
				85EE26CA1CB476C4000B341E /* Info.plist */,
				85EE26BB1CB476C4000B341E /* MobileDemos.xcdatamodeld */,
			);
			path = MobileDemos;
			sourceTree = "<group>";
		};
/* End PBXGroup section */

/* Begin PBXNativeTarget section */
		85EE26B51CB476C4000B341E /* MobileDemos */ = {
			isa = PBXNativeTarget;
			buildConfigurationList = 85EE26CD1CB476C4000B341E /* Build configuration list for PBXNativeTarget "MobileDemos" */;
			buildPhases = (
				85EE26B21CB476C4000B341E /* Sources */,
				85EE26B31CB476C4000B341E /* Frameworks */,
				85EE26B41CB476C4000B341E /* Resources */,
			);
			buildRules = (
			);
			dependencies = (
			);
			name = MobileDemos;
			productName = MobileDemos;
			productReference = 85EE26B61CB476C4000B341E /* MobileDemos.app */;
			productType = "com.apple.product-type.application";
		};
/* End PBXNativeTarget section */

/* Begin PBXProject section */
		85EE26AE1CB476C4000B341E /* Project object */ = {
			isa = PBXProject;
			attributes = {
				LastSwiftUpdateCheck = 0730;
				LastUpgradeCheck = 0730;
				ORGANIZATIONNAME = "Aerohive Networks";
				TargetAttributes = {
					85EE26B51CB476C4000B341E = {
						CreatedOnToolsVersion = 7.3;
					};
				};
			};
			buildConfigurationList = 85EE26B11CB476C4000B341E /* Build configuration list for PBXProject "MobileDemos" */;
			compatibilityVersion = "Xcode 3.2";
			developmentRegion = English;
			hasScannedForEncodings = 0;
			knownRegions = (
				en,
				Base,
			);
			mainGroup = 85EE26AD1CB476C4000B341E;
			productRefGroup = 85EE26B71CB476C4000B341E /* Products */;
			projectDirPath = "";
			projectRoot = "";
			targets = (
				85EE26B51CB476C4000B341E /* MobileDemos */,
			);
		};
/* End PBXProject section */

/* Begin PBXResourcesBuildPhase section */
		85EE26B41CB476C4000B341E /* Resources */ = {
			isa = PBXResourcesBuildPhase;
			buildActionMask = 2147483647;
			files = (
				85EE26C91CB476C4000B341E /* LaunchScreen.storyboard in Resources */,
				85EE26C61CB476C4000B341E /* Assets.xcassets in Resources */,
				85EE26C41CB476C4000B341E /* Main.storyboard in Resources */,
			);
			runOnlyForDeploymentPostprocessing = 0;
		};
/* End PBXResourcesBuildPhase section */

/* Begin PBXSourcesBuildPhase section */
		85EE26B21CB476C4000B341E /* Sources */ = {
			isa = PBXSourcesBuildPhase;
			buildActionMask = 2147483647;
			files = (
				85EE26BD1CB476C4000B341E /* MobileDemos.xcdatamodeld in Sources */,
				85EE26BA1CB476C4000B341E /* AppDelegate.swift in Sources */,
				85EE26BF1CB476C4000B341E /* MasterViewController.swift in Sources */,
				85EE26C11CB476C4000B341E /* DetailViewController.swift in Sources */,
			);
			runOnlyForDeploymentPostprocessing = 0;
		};
/* End PBXSourcesBuildPhase section */

/* Begin PBXVariantGroup section */
		85EE26C21CB476C4000B341E /* Main.storyboard */ = {
			isa = PBXVariantGroup;
			children = (
				85EE26C31CB476C4000B341E /* Base */,
			);
			name = Main.storyboard;
			sourceTree = "<group>";
		};
		85EE26C71CB476C4000B341E /* LaunchScreen.storyboard */ = {
			isa = PBXVariantGroup;
			children = (
				85EE26C81CB476C4000B341E /* Base */,
			);
			name = LaunchScreen.storyboard;
			sourceTree = "<group>";
		};
/* End PBXVariantGroup section */

/* Begin XCBuildConfiguration section */
		85EE26CB1CB476C4000B341E /* Debug */ = {
			isa = XCBuildConfiguration;
			buildSettings = {
				ALWAYS_SEARCH_USER_PATHS = NO;
				CLANG_ANALYZER_NONNULL = YES;
				CLANG_CXX_LANGUAGE_STANDARD = "gnu++0x";
				CLANG_CXX_LIBRARY = "libc++";
				CLANG_ENABLE_MODULES = YES;
				CLANG_ENABLE_OBJC_ARC = YES;
				CLANG_WARN_BOOL_CONVERSION = YES;
				CLANG_WARN_CONSTANT_CONVERSION = YES;
				CLANG_WARN_DIRECT_OBJC_ISA_USAGE = YES_ERROR;
				CLANG_WARN_EMPTY_BODY = YES;
				CLANG_WARN_ENUM_CONVERSION = YES;
				CLANG_WARN_INT_CONVERSION = YES;
				CLANG_WARN_OBJC_ROOT_CLASS = YES_ERROR;
				CLANG_WARN_UNREACHABLE_CODE = YES;
				CLANG_WARN__DUPLICATE_METHOD_MATCH = YES;
				"CODE_SIGN_IDENTITY[sdk=iphoneos*]" = "iPhone Developer";
				COPY_PHASE_STRIP = NO;
				DEBUG_INFORMATION_FORMAT = dwarf;
				ENABLE_STRICT_OBJC_MSGSEND = YES;
				ENABLE_TESTABILITY = YES;
				GCC_C_LANGUAGE_STANDARD = gnu99;
				GCC_DYNAMIC_NO_PIC = NO;
				GCC_NO_COMMON_BLOCKS = YES;
				GCC_OPTIMIZATION_LEVEL = 0;
				GCC_PREPROCESSOR_DEFINITIONS = (
					"DEBUG=1",
					"$(inherited)",
				);
				GCC_WARN_64_TO_32_BIT_CONVERSION = YES;
				GCC_WARN_ABOUT_RETURN_TYPE = YES_ERROR;
				GCC_WARN_UNDECLARED_SELECTOR = YES;
				GCC_WARN_UNINITIALIZED_AUTOS = YES_AGGRESSIVE;
				GCC_WARN_UNUSED_FUNCTION = YES;
				GCC_WARN_UNUSED_VARIABLE = YES;
				IPHONEOS_DEPLOYMENT_TARGET = 9.3;
				MTL_ENABLE_DEBUG_INFO = YES;
				ONLY_ACTIVE_ARCH = YES;
				SDKROOT = iphoneos;
				SWIFT_OPTIMIZATION_LEVEL = "-Onone";
			};
			name = Debug;
		};
		85EE26CC1CB476C4000B341E /* Release */ = {
			isa = XCBuildConfiguration;
			buildSettings = {
				ALWAYS_SEARCH_USER_PATHS = NO;
				CLANG_ANALYZER_NONNULL = YES;
				CLANG_CXX_LANGUAGE_STANDARD = "gnu++0x";
				CLANG_CXX_LIBRARY = "libc++";
				CLANG_ENABLE_MODULES = YES;
				CLANG_ENABLE_OBJC_ARC = YES;
				CLANG_WARN_BOOL_CONVERSION = YES;
				CLANG_WARN_CONSTANT_CONVERSION = YES;
				CLANG_WARN_DIRECT_OBJC_ISA_USAGE = YES_ERROR;
				CLANG_WARN_EMPTY_BODY = YES;
				CLANG_WARN_ENUM_CONVERSION = YES;
				CLANG_WARN_INT_CONVERSION = YES;
				CLANG_WARN_OBJC_ROOT_CLASS = YES_ERROR;
				CLANG_WARN_UNREACHABLE_CODE = YES;
				CLANG_WARN__DUPLICATE_METHOD_MATCH = YES;
				"CODE_SIGN_IDENTITY[sdk=iphoneos*]" = "iPhone Developer";
				COPY_PHASE_STRIP = NO;
				DEBUG_INFORMATION_FORMAT = "dwarf-with-dsym";
				ENABLE_NS_ASSERTIONS = NO;
				ENABLE_STRICT_OBJC_MSGSEND = YES;
				GCC_C_LANGUAGE_STANDARD = gnu99;
				GCC_NO_COMMON_BLOCKS = YES;
				GCC_WARN_64_TO_32_BIT_CONVERSION = YES;
				GCC_WARN_ABOUT_RETURN_TYPE = YES_ERROR;
				GCC_WARN_UNDECLARED_SELECTOR = YES;
				GCC_WARN_UNINITIALIZED_AUTOS = YES_AGGRESSIVE;
				GCC_WARN_UNUSED_FUNCTION = YES;
				GCC_WARN_UNUSED_VARIABLE = YES;
				IPHONEOS_DEPLOYMENT_TARGET = 9.3;
				MTL_ENABLE_DEBUG_INFO = NO;
				SDKROOT = iphoneos;
				VALIDATE_PRODUCT = YES;
			};
			name = Release;
		};
		85EE26CE1CB476C4000B341E /* Debug */ = {
			isa = XCBuildConfiguration;
			buildSettings = {
				ASSETCATALOG_COMPILER_APPICON_NAME = AppIcon;
				INFOPLIST_FILE = MobileDemos/Info.plist;
				LD_RUNPATH_SEARCH_PATHS = "$(inherited) @executable_path/Frameworks";
				PRODUCT_BUNDLE_IDENTIFIER = "Aerohive-Networks.MobileDemos";
				PRODUCT_NAME = "$(TARGET_NAME)";
			};
			name = Debug;
		};
		85EE26CF1CB476C4000B341E /* Release */ = {
			isa = XCBuildConfiguration;
			buildSettings = {
				ASSETCATALOG_COMPILER_APPICON_NAME = AppIcon;
				INFOPLIST_FILE = MobileDemos/Info.plist;
				LD_RUNPATH_SEARCH_PATHS = "$(inherited) @executable_path/Frameworks";
				PRODUCT_BUNDLE_IDENTIFIER = "Aerohive-Networks.MobileDemos";
				PRODUCT_NAME = "$(TARGET_NAME)";
			};
			name = Release;
		};
/* End XCBuildConfiguration section */

/* Begin XCConfigurationList section */
		85EE26B11CB476C4000B341E /* Build configuration list for PBXProject "MobileDemos" */ = {
			isa = XCConfigurationList;
			buildConfigurations = (
				85EE26CB1CB476C4000B341E /* Debug */,
				85EE26CC1CB476C4000B341E /* Release */,
			);
			defaultConfigurationIsVisible = 0;
			defaultConfigurationName = Release;
		};
		85EE26CD1CB476C4000B341E /* Build configuration list for PBXNativeTarget "MobileDemos" */ = {
			isa = XCConfigurationList;
			buildConfigurations = (
				85EE26CE1CB476C4000B341E /* Debug */,
				85EE26CF1CB476C4000B341E /* Release */,
			);
			defaultConfigurationIsVisible = 0;
		};
/* End XCConfigurationList section */

/* Begin XCVersionGroup section */
		85EE26BB1CB476C4000B341E /* MobileDemos.xcdatamodeld */ = {
			isa = XCVersionGroup;
			children = (
				85EE26BC1CB476C4000B341E /* MobileDemos.xcdatamodel */,
			);
			currentVersion = 85EE26BC1CB476C4000B341E /* MobileDemos.xcdatamodel */;
			path = MobileDemos.xcdatamodeld;
			sourceTree = "<group>";
			versionGroupType = wrapper.xcdatamodel;
		};
/* End XCVersionGroup section */
	};
	rootObject = 85EE26AE1CB476C4000B341E /* Project object */;
}
